{
  "pins" : [
    {
      "identity" : "pokemonapi",
      "kind" : "remoteSourceControl",
      "location" : "https://github.com/kinkofer/PokemonAPI",
      "state" : {
        "revision" : "37a011db6eb879fad867187ff22c037091df6a3d",
        "version" : "6.1.0"
      }
    }
  ],
  "version" : 2
}
